
Microsoft Visual Studio Solution File, Format Version 12.00
# Visual Studio Version 17
VisualStudioVersion = 17.8.34511.84
MinimumVisualStudioVersion = 10.0.40219.1
Project("{2150E333-8FDC-42A3-9474-1A3956D46DE8}") = "src", "src", "{227893B1-FD60-49F9-BB88-6A9EC1B09781}"
	ProjectSection(SolutionItems) = preProject
		src\.editorconfig = src\.editorconfig
		src\Directory.Build.props = src\Directory.Build.props
	EndProjectSection
EndProject
Project("{2150E333-8FDC-42A3-9474-1A3956D46DE8}") = "Modules", "Modules", "{18CC546D-C3F1-4226-8811-247891A58BFE}"
EndProject
Project("{2150E333-8FDC-42A3-9474-1A3956D46DE8}") = "Users", "Users", "{C5B9ED54-EA71-4E3A-8B90-20C6C0C8250E}"
EndProject
Project("{9A19103F-16F7-4668-BE54-9A1E7A4F7556}") = "Quizly.Modules.Users.Api", "src\Modules\Users\Quizly.Modules.Users.Api\Quizly.Modules.Users.Api.csproj", "{1EC6280C-2585-4155-A897-5B8445BC084D}"
EndProject
Project("{9A19103F-16F7-4668-BE54-9A1E7A4F7556}") = "Quizly.Modules.Users.Domain", "src\Modules\Users\Quizly.Modules.Users.Domain\Quizly.Modules.Users.Domain.csproj", "{86AB1919-2E04-4516-9591-2E41654BEEFF}"
EndProject
Project("{9A19103F-16F7-4668-BE54-9A1E7A4F7556}") = "Quizly.Modules.Users.Application", "src\Modules\Users\Quizly.Modules.Users.Application\Quizly.Modules.Users.Application.csproj", "{0392A346-94AB-4BEC-8621-9F88C44B4D6E}"
EndProject
Project("{2150E333-8FDC-42A3-9474-1A3956D46DE8}") = "Shared", "Shared", "{44189CAD-CC7D-4759-A699-D3E5F5397FEC}"
EndProject
Project("{2150E333-8FDC-42A3-9474-1A3956D46DE8}") = "Apps", "Apps", "{56B88977-6FE4-4560-9D69-DE9E677B0DB8}"
EndProject
Project("{9A19103F-16F7-4668-BE54-9A1E7A4F7556}") = "Quizly.Shared.Abstractions", "src\Shared\Quizly.Shared.Abstractions\Quizly.Shared.Abstractions.csproj", "{56EC183A-17B0-430D-817B-BAF533D34097}"
EndProject
Project("{9A19103F-16F7-4668-BE54-9A1E7A4F7556}") = "Quizly.Shared.Infrastructure", "src\Shared\Quizly.Shared.Infrastructure\Quizly.Shared.Infrastructure.csproj", "{53058AA0-1D93-4FA8-A775-AD74F9963DCA}"
EndProject
Project("{9A19103F-16F7-4668-BE54-9A1E7A4F7556}") = "Quizly.Api", "src\Quizly.Api\Quizly.Api.csproj", "{DE511BFB-55D0-4B76-9C56-60745FEACB57}"
EndProject
Project("{9A19103F-16F7-4668-BE54-9A1E7A4F7556}") = "Quizly.Modules.Users.Infrastructure", "src\Modules\Users\Quizly.Modules.Users.Infrastructure\Quizly.Modules.Users.Infrastructure.csproj", "{DC63707B-633C-482F-BB02-48EB84DE505B}"
EndProject
Project("{9A19103F-16F7-4668-BE54-9A1E7A4F7556}") = "Quizly.Modules.Users.Tests.Integration", "src\Modules\Users\Quizly.Modules.Users.Tests.Integration\Quizly.Modules.Users.Tests.Integration.csproj", "{44C85EEB-B48F-4A45-8D3D-C57269C90828}"
EndProject
Project("{9A19103F-16F7-4668-BE54-9A1E7A4F7556}") = "Quizly.Shared.Tests", "src\Shared\Quizly.Shared.Tests\Quizly.Shared.Tests.csproj", "{16D0721C-B1D6-4DE4-BDD1-A5EA18684CEB}"
EndProject
Project("{9A19103F-16F7-4668-BE54-9A1E7A4F7556}") = "Quizly.Modules.Users.Tests.Unit", "src\Modules\Users\Quizly.Modules.Users.Tests.Unit\Quizly.Modules.Users.Tests.Unit.csproj", "{AC0180B0-108F-4FF7-ABC4-BA8B8D4B4273}"
EndProject
Project("{2150E333-8FDC-42A3-9474-1A3956D46DE8}") = "tests", "tests", "{701129D1-B780-4ADF-8D66-AFB75CCA054F}"
EndProject
Project("{9A19103F-16F7-4668-BE54-9A1E7A4F7556}") = "Quizly.Tests.Architecture", "tests\Quizly.Tests.Architecture\Quizly.Tests.Architecture.csproj", "{81BE8467-4FFA-4B93-AEC1-6DE568229B3F}"
EndProject
Project("{9A19103F-16F7-4668-BE54-9A1E7A4F7556}") = "Quizly.Modules.Users.Tests.Architecture", "src\Modules\Users\Quizly.Modules.Users.Tests.Architecture\Quizly.Modules.Users.Tests.Architecture.csproj", "{083DA57B-5D75-40AF-8BB8-93FC51F06513}"
EndProject
Project("{9A19103F-16F7-4668-BE54-9A1E7A4F7556}") = "Quizly.Modules.Users.Tests.Shared", "src\Modules\Users\Quizly.Modules.Users.Tests.Shared\Quizly.Modules.Users.Tests.Shared.csproj", "{E7B6AFAA-0CB1-4C59-9C5F-A5289E6F83F8}"
EndProject
Project("{2150E333-8FDC-42A3-9474-1A3956D46DE8}") = "Questions", "Questions", "{91B684AD-E7BA-4C5C-BA44-6BB82892613D}"
EndProject
Project("{FAE04EC0-301F-11D3-BF4B-00C04F79EFBC}") = "Quizly.Modules.Questions.Domain", "src\Modules\Questions\Quizly.Modules.Questions.Domain\Quizly.Modules.Questions.Domain.csproj", "{B290E1DD-4472-4A8F-A8CF-3CC69AB45996}"
EndProject
Project("{FAE04EC0-301F-11D3-BF4B-00C04F79EFBC}") = "Quizly.Modules.Questions.Application", "src\Modules\Questions\Quizly.Modules.Questions.Application\Quizly.Modules.Questions.Application.csproj", "{E05D3CBB-E86C-4ACF-AE2E-11B16C8CE24B}"
EndProject
Project("{FAE04EC0-301F-11D3-BF4B-00C04F79EFBC}") = "Quizly.Modules.Questions.Infrastructure", "src\Modules\Questions\Quizly.Modules.Questions.Infrastructure\Quizly.Modules.Questions.Infrastructure.csproj", "{AA78BF1F-1AE5-4C99-B32E-51F6D4084AD6}"
EndProject
Project("{FAE04EC0-301F-11D3-BF4B-00C04F79EFBC}") = "Quizly.Modules.Questions.Api", "src\Modules\Questions\Quizly.Modules.Questions.Api\Quizly.Modules.Questions.Api.csproj", "{CE01EB3B-6C58-4B65-8CB1-05C605EB2F88}"
EndProject
Project("{FAE04EC0-301F-11D3-BF4B-00C04F79EFBC}") = "Quizly.Shared.Tests.Integration", "tests\Quizly.Shared.Tests.Integration\Quizly.Shared.Tests.Integration.csproj", "{AAFB3F86-40D4-462E-897F-9356C7F30EE3}"
EndProject
Project("{FAE04EC0-301F-11D3-BF4B-00C04F79EFBC}") = "Quizly.Modules.Questions.Tests.Integration", "src\Modules\Questions\Quizly.Modules.Questions.Tests.Integration\Quizly.Modules.Questions.Tests.Integration.csproj", "{96F7ED68-548C-4546-863D-2C51FBABAD94}"
EndProject
Project("{2150E333-8FDC-42A3-9474-1A3956D46DE8}") = "Quizes", "Quizes", "{C6ADA6FB-B3DE-435C-B920-EF400302343D}"
EndProject
Project("{FAE04EC0-301F-11D3-BF4B-00C04F79EFBC}") = "Quizly.Modules.Quizes.Application", "src\Modules\Quizes\Quizly.Modules.Quizes.Application\Quizly.Modules.Quizes.Application.csproj", "{E828E4F1-7F09-4398-BF2E-D21B24EDFF36}"
EndProject
Project("{FAE04EC0-301F-11D3-BF4B-00C04F79EFBC}") = "Quizly.Modules.Quizes.Infrastructure", "src\Modules\Quizes\Quizly.Modules.Quizes.Infrastructure\Quizly.Modules.Quizes.Infrastructure.csproj", "{65CACF00-8F39-4F5F-B3E8-818CE6A3C9D5}"
EndProject
Project("{FAE04EC0-301F-11D3-BF4B-00C04F79EFBC}") = "Quizly.Modules.Quizes.Api", "src\Modules\Quizes\Quizly.Modules.Quizes.Api\Quizly.Modules.Quizes.Api.csproj", "{D57748D6-019D-4583-BF10-C6CBAD615BAE}"
EndProject
Global
	GlobalSection(SolutionConfigurationPlatforms) = preSolution
		Debug|Any CPU = Debug|Any CPU
		Release|Any CPU = Release|Any CPU
	EndGlobalSection
	GlobalSection(ProjectConfigurationPlatforms) = postSolution
		{1EC6280C-2585-4155-A897-5B8445BC084D}.Debug|Any CPU.ActiveCfg = Debug|Any CPU
		{1EC6280C-2585-4155-A897-5B8445BC084D}.Debug|Any CPU.Build.0 = Debug|Any CPU
		{1EC6280C-2585-4155-A897-5B8445BC084D}.Release|Any CPU.ActiveCfg = Release|Any CPU
		{1EC6280C-2585-4155-A897-5B8445BC084D}.Release|Any CPU.Build.0 = Release|Any CPU
		{86AB1919-2E04-4516-9591-2E41654BEEFF}.Debug|Any CPU.ActiveCfg = Debug|Any CPU
		{86AB1919-2E04-4516-9591-2E41654BEEFF}.Debug|Any CPU.Build.0 = Debug|Any CPU
		{86AB1919-2E04-4516-9591-2E41654BEEFF}.Release|Any CPU.ActiveCfg = Release|Any CPU
		{86AB1919-2E04-4516-9591-2E41654BEEFF}.Release|Any CPU.Build.0 = Release|Any CPU
		{0392A346-94AB-4BEC-8621-9F88C44B4D6E}.Debug|Any CPU.ActiveCfg = Debug|Any CPU
		{0392A346-94AB-4BEC-8621-9F88C44B4D6E}.Debug|Any CPU.Build.0 = Debug|Any CPU
		{0392A346-94AB-4BEC-8621-9F88C44B4D6E}.Release|Any CPU.ActiveCfg = Release|Any CPU
		{0392A346-94AB-4BEC-8621-9F88C44B4D6E}.Release|Any CPU.Build.0 = Release|Any CPU
		{56EC183A-17B0-430D-817B-BAF533D34097}.Debug|Any CPU.ActiveCfg = Debug|Any CPU
		{56EC183A-17B0-430D-817B-BAF533D34097}.Debug|Any CPU.Build.0 = Debug|Any CPU
		{56EC183A-17B0-430D-817B-BAF533D34097}.Release|Any CPU.ActiveCfg = Release|Any CPU
		{56EC183A-17B0-430D-817B-BAF533D34097}.Release|Any CPU.Build.0 = Release|Any CPU
		{53058AA0-1D93-4FA8-A775-AD74F9963DCA}.Debug|Any CPU.ActiveCfg = Debug|Any CPU
		{53058AA0-1D93-4FA8-A775-AD74F9963DCA}.Debug|Any CPU.Build.0 = Debug|Any CPU
		{53058AA0-1D93-4FA8-A775-AD74F9963DCA}.Release|Any CPU.ActiveCfg = Release|Any CPU
		{53058AA0-1D93-4FA8-A775-AD74F9963DCA}.Release|Any CPU.Build.0 = Release|Any CPU
		{DE511BFB-55D0-4B76-9C56-60745FEACB57}.Debug|Any CPU.ActiveCfg = Debug|Any CPU
		{DE511BFB-55D0-4B76-9C56-60745FEACB57}.Debug|Any CPU.Build.0 = Debug|Any CPU
		{DE511BFB-55D0-4B76-9C56-60745FEACB57}.Release|Any CPU.ActiveCfg = Release|Any CPU
		{DE511BFB-55D0-4B76-9C56-60745FEACB57}.Release|Any CPU.Build.0 = Release|Any CPU
		{DC63707B-633C-482F-BB02-48EB84DE505B}.Debug|Any CPU.ActiveCfg = Debug|Any CPU
		{DC63707B-633C-482F-BB02-48EB84DE505B}.Debug|Any CPU.Build.0 = Debug|Any CPU
		{DC63707B-633C-482F-BB02-48EB84DE505B}.Release|Any CPU.ActiveCfg = Release|Any CPU
		{DC63707B-633C-482F-BB02-48EB84DE505B}.Release|Any CPU.Build.0 = Release|Any CPU
		{44C85EEB-B48F-4A45-8D3D-C57269C90828}.Debug|Any CPU.ActiveCfg = Debug|Any CPU
		{44C85EEB-B48F-4A45-8D3D-C57269C90828}.Debug|Any CPU.Build.0 = Debug|Any CPU
		{44C85EEB-B48F-4A45-8D3D-C57269C90828}.Release|Any CPU.ActiveCfg = Release|Any CPU
		{44C85EEB-B48F-4A45-8D3D-C57269C90828}.Release|Any CPU.Build.0 = Release|Any CPU
		{16D0721C-B1D6-4DE4-BDD1-A5EA18684CEB}.Debug|Any CPU.ActiveCfg = Debug|Any CPU
		{16D0721C-B1D6-4DE4-BDD1-A5EA18684CEB}.Debug|Any CPU.Build.0 = Debug|Any CPU
		{16D0721C-B1D6-4DE4-BDD1-A5EA18684CEB}.Release|Any CPU.ActiveCfg = Release|Any CPU
		{16D0721C-B1D6-4DE4-BDD1-A5EA18684CEB}.Release|Any CPU.Build.0 = Release|Any CPU
		{AC0180B0-108F-4FF7-ABC4-BA8B8D4B4273}.Debug|Any CPU.ActiveCfg = Debug|Any CPU
		{AC0180B0-108F-4FF7-ABC4-BA8B8D4B4273}.Debug|Any CPU.Build.0 = Debug|Any CPU
		{AC0180B0-108F-4FF7-ABC4-BA8B8D4B4273}.Release|Any CPU.ActiveCfg = Release|Any CPU
		{AC0180B0-108F-4FF7-ABC4-BA8B8D4B4273}.Release|Any CPU.Build.0 = Release|Any CPU
		{81BE8467-4FFA-4B93-AEC1-6DE568229B3F}.Debug|Any CPU.ActiveCfg = Debug|Any CPU
		{81BE8467-4FFA-4B93-AEC1-6DE568229B3F}.Debug|Any CPU.Build.0 = Debug|Any CPU
		{81BE8467-4FFA-4B93-AEC1-6DE568229B3F}.Release|Any CPU.ActiveCfg = Release|Any CPU
		{81BE8467-4FFA-4B93-AEC1-6DE568229B3F}.Release|Any CPU.Build.0 = Release|Any CPU
		{083DA57B-5D75-40AF-8BB8-93FC51F06513}.Debug|Any CPU.ActiveCfg = Debug|Any CPU
		{083DA57B-5D75-40AF-8BB8-93FC51F06513}.Debug|Any CPU.Build.0 = Debug|Any CPU
		{083DA57B-5D75-40AF-8BB8-93FC51F06513}.Release|Any CPU.ActiveCfg = Release|Any CPU
		{083DA57B-5D75-40AF-8BB8-93FC51F06513}.Release|Any CPU.Build.0 = Release|Any CPU
		{E7B6AFAA-0CB1-4C59-9C5F-A5289E6F83F8}.Debug|Any CPU.ActiveCfg = Debug|Any CPU
		{E7B6AFAA-0CB1-4C59-9C5F-A5289E6F83F8}.Debug|Any CPU.Build.0 = Debug|Any CPU
		{E7B6AFAA-0CB1-4C59-9C5F-A5289E6F83F8}.Release|Any CPU.ActiveCfg = Release|Any CPU
		{E7B6AFAA-0CB1-4C59-9C5F-A5289E6F83F8}.Release|Any CPU.Build.0 = Release|Any CPU
		{B290E1DD-4472-4A8F-A8CF-3CC69AB45996}.Debug|Any CPU.ActiveCfg = Debug|Any CPU
		{B290E1DD-4472-4A8F-A8CF-3CC69AB45996}.Debug|Any CPU.Build.0 = Debug|Any CPU
		{B290E1DD-4472-4A8F-A8CF-3CC69AB45996}.Release|Any CPU.ActiveCfg = Release|Any CPU
		{B290E1DD-4472-4A8F-A8CF-3CC69AB45996}.Release|Any CPU.Build.0 = Release|Any CPU
		{E05D3CBB-E86C-4ACF-AE2E-11B16C8CE24B}.Debug|Any CPU.ActiveCfg = Debug|Any CPU
		{E05D3CBB-E86C-4ACF-AE2E-11B16C8CE24B}.Debug|Any CPU.Build.0 = Debug|Any CPU
		{E05D3CBB-E86C-4ACF-AE2E-11B16C8CE24B}.Release|Any CPU.ActiveCfg = Release|Any CPU
		{E05D3CBB-E86C-4ACF-AE2E-11B16C8CE24B}.Release|Any CPU.Build.0 = Release|Any CPU
		{AA78BF1F-1AE5-4C99-B32E-51F6D4084AD6}.Debug|Any CPU.ActiveCfg = Debug|Any CPU
		{AA78BF1F-1AE5-4C99-B32E-51F6D4084AD6}.Debug|Any CPU.Build.0 = Debug|Any CPU
		{AA78BF1F-1AE5-4C99-B32E-51F6D4084AD6}.Release|Any CPU.ActiveCfg = Release|Any CPU
		{AA78BF1F-1AE5-4C99-B32E-51F6D4084AD6}.Release|Any CPU.Build.0 = Release|Any CPU
		{CE01EB3B-6C58-4B65-8CB1-05C605EB2F88}.Debug|Any CPU.ActiveCfg = Debug|Any CPU
		{CE01EB3B-6C58-4B65-8CB1-05C605EB2F88}.Debug|Any CPU.Build.0 = Debug|Any CPU
		{CE01EB3B-6C58-4B65-8CB1-05C605EB2F88}.Release|Any CPU.ActiveCfg = Release|Any CPU
		{CE01EB3B-6C58-4B65-8CB1-05C605EB2F88}.Release|Any CPU.Build.0 = Release|Any CPU
		{AAFB3F86-40D4-462E-897F-9356C7F30EE3}.Debug|Any CPU.ActiveCfg = Debug|Any CPU
		{AAFB3F86-40D4-462E-897F-9356C7F30EE3}.Debug|Any CPU.Build.0 = Debug|Any CPU
		{AAFB3F86-40D4-462E-897F-9356C7F30EE3}.Release|Any CPU.ActiveCfg = Release|Any CPU
		{AAFB3F86-40D4-462E-897F-9356C7F30EE3}.Release|Any CPU.Build.0 = Release|Any CPU
		{96F7ED68-548C-4546-863D-2C51FBABAD94}.Debug|Any CPU.ActiveCfg = Debug|Any CPU
		{96F7ED68-548C-4546-863D-2C51FBABAD94}.Debug|Any CPU.Build.0 = Debug|Any CPU
		{96F7ED68-548C-4546-863D-2C51FBABAD94}.Release|Any CPU.ActiveCfg = Release|Any CPU
		{96F7ED68-548C-4546-863D-2C51FBABAD94}.Release|Any CPU.Build.0 = Release|Any CPU
		{E828E4F1-7F09-4398-BF2E-D21B24EDFF36}.Debug|Any CPU.ActiveCfg = Debug|Any CPU
		{E828E4F1-7F09-4398-BF2E-D21B24EDFF36}.Debug|Any CPU.Build.0 = Debug|Any CPU
		{E828E4F1-7F09-4398-BF2E-D21B24EDFF36}.Release|Any CPU.ActiveCfg = Release|Any CPU
		{E828E4F1-7F09-4398-BF2E-D21B24EDFF36}.Release|Any CPU.Build.0 = Release|Any CPU
		{65CACF00-8F39-4F5F-B3E8-818CE6A3C9D5}.Debug|Any CPU.ActiveCfg = Debug|Any CPU
		{65CACF00-8F39-4F5F-B3E8-818CE6A3C9D5}.Debug|Any CPU.Build.0 = Debug|Any CPU
		{65CACF00-8F39-4F5F-B3E8-818CE6A3C9D5}.Release|Any CPU.ActiveCfg = Release|Any CPU
		{65CACF00-8F39-4F5F-B3E8-818CE6A3C9D5}.Release|Any CPU.Build.0 = Release|Any CPU
		{D57748D6-019D-4583-BF10-C6CBAD615BAE}.Debug|Any CPU.ActiveCfg = Debug|Any CPU
		{D57748D6-019D-4583-BF10-C6CBAD615BAE}.Debug|Any CPU.Build.0 = Debug|Any CPU
		{D57748D6-019D-4583-BF10-C6CBAD615BAE}.Release|Any CPU.ActiveCfg = Release|Any CPU
		{D57748D6-019D-4583-BF10-C6CBAD615BAE}.Release|Any CPU.Build.0 = Release|Any CPU
	EndGlobalSection
	GlobalSection(SolutionProperties) = preSolution
		HideSolutionNode = FALSE
	EndGlobalSection
	GlobalSection(NestedProjects) = preSolution
		{18CC546D-C3F1-4226-8811-247891A58BFE} = {227893B1-FD60-49F9-BB88-6A9EC1B09781}
		{C5B9ED54-EA71-4E3A-8B90-20C6C0C8250E} = {18CC546D-C3F1-4226-8811-247891A58BFE}
		{1EC6280C-2585-4155-A897-5B8445BC084D} = {C5B9ED54-EA71-4E3A-8B90-20C6C0C8250E}
		{86AB1919-2E04-4516-9591-2E41654BEEFF} = {C5B9ED54-EA71-4E3A-8B90-20C6C0C8250E}
		{0392A346-94AB-4BEC-8621-9F88C44B4D6E} = {C5B9ED54-EA71-4E3A-8B90-20C6C0C8250E}
		{44189CAD-CC7D-4759-A699-D3E5F5397FEC} = {227893B1-FD60-49F9-BB88-6A9EC1B09781}
		{56B88977-6FE4-4560-9D69-DE9E677B0DB8} = {227893B1-FD60-49F9-BB88-6A9EC1B09781}
		{56EC183A-17B0-430D-817B-BAF533D34097} = {44189CAD-CC7D-4759-A699-D3E5F5397FEC}
		{53058AA0-1D93-4FA8-A775-AD74F9963DCA} = {44189CAD-CC7D-4759-A699-D3E5F5397FEC}
		{DE511BFB-55D0-4B76-9C56-60745FEACB57} = {227893B1-FD60-49F9-BB88-6A9EC1B09781}
		{DC63707B-633C-482F-BB02-48EB84DE505B} = {C5B9ED54-EA71-4E3A-8B90-20C6C0C8250E}
		{44C85EEB-B48F-4A45-8D3D-C57269C90828} = {C5B9ED54-EA71-4E3A-8B90-20C6C0C8250E}
		{16D0721C-B1D6-4DE4-BDD1-A5EA18684CEB} = {701129D1-B780-4ADF-8D66-AFB75CCA054F}
		{AC0180B0-108F-4FF7-ABC4-BA8B8D4B4273} = {C5B9ED54-EA71-4E3A-8B90-20C6C0C8250E}
		{81BE8467-4FFA-4B93-AEC1-6DE568229B3F} = {701129D1-B780-4ADF-8D66-AFB75CCA054F}
		{083DA57B-5D75-40AF-8BB8-93FC51F06513} = {C5B9ED54-EA71-4E3A-8B90-20C6C0C8250E}
		{E7B6AFAA-0CB1-4C59-9C5F-A5289E6F83F8} = {C5B9ED54-EA71-4E3A-8B90-20C6C0C8250E}
		{91B684AD-E7BA-4C5C-BA44-6BB82892613D} = {18CC546D-C3F1-4226-8811-247891A58BFE}
		{B290E1DD-4472-4A8F-A8CF-3CC69AB45996} = {91B684AD-E7BA-4C5C-BA44-6BB82892613D}
		{E05D3CBB-E86C-4ACF-AE2E-11B16C8CE24B} = {91B684AD-E7BA-4C5C-BA44-6BB82892613D}
		{AA78BF1F-1AE5-4C99-B32E-51F6D4084AD6} = {91B684AD-E7BA-4C5C-BA44-6BB82892613D}
		{CE01EB3B-6C58-4B65-8CB1-05C605EB2F88} = {91B684AD-E7BA-4C5C-BA44-6BB82892613D}
		{AAFB3F86-40D4-462E-897F-9356C7F30EE3} = {701129D1-B780-4ADF-8D66-AFB75CCA054F}
		{96F7ED68-548C-4546-863D-2C51FBABAD94} = {91B684AD-E7BA-4C5C-BA44-6BB82892613D}
		{C6ADA6FB-B3DE-435C-B920-EF400302343D} = {18CC546D-C3F1-4226-8811-247891A58BFE}
		{E828E4F1-7F09-4398-BF2E-D21B24EDFF36} = {C6ADA6FB-B3DE-435C-B920-EF400302343D}
		{65CACF00-8F39-4F5F-B3E8-818CE6A3C9D5} = {C6ADA6FB-B3DE-435C-B920-EF400302343D}
		{D57748D6-019D-4583-BF10-C6CBAD615BAE} = {C6ADA6FB-B3DE-435C-B920-EF400302343D}
	EndGlobalSection
	GlobalSection(ExtensibilityGlobals) = postSolution
		SolutionGuid = {008465E6-9378-4128-B9CE-BBA0FEC6F8AC}
	EndGlobalSection
EndGlobal
